// !$*UTF8*$!
{
	archiveVersion = 1;
	classes = {
	};
	objectVersion = 46;
	objects = {

/* Begin PBXBuildFile section */
		DD05B21A17AF119C004758DC /* AFHTTPClient.m in Sources */ = {isa = PBXBuildFile; fileRef = DD05B20817AF119C004758DC /* AFHTTPClient.m */; };
		DD05B21B17AF119C004758DC /* AFHTTPRequestOperation.m in Sources */ = {isa = PBXBuildFile; fileRef = DD05B20A17AF119C004758DC /* AFHTTPRequestOperation.m */; };
		DD05B21C17AF119C004758DC /* AFImageRequestOperation.m in Sources */ = {isa = PBXBuildFile; fileRef = DD05B20C17AF119C004758DC /* AFImageRequestOperation.m */; };
		DD05B21D17AF119C004758DC /* AFJSONRequestOperation.m in Sources */ = {isa = PBXBuildFile; fileRef = DD05B20E17AF119C004758DC /* AFJSONRequestOperation.m */; };
		DD05B21E17AF119C004758DC /* AFNetworkActivityIndicatorManager.m in Sources */ = {isa = PBXBuildFile; fileRef = DD05B21017AF119C004758DC /* AFNetworkActivityIndicatorManager.m */; };
		DD05B21F17AF119C004758DC /* AFPropertyListRequestOperation.m in Sources */ = {isa = PBXBuildFile; fileRef = DD05B21317AF119C004758DC /* AFPropertyListRequestOperation.m */; };
		DD05B22017AF119C004758DC /* AFURLConnectionOperation.m in Sources */ = {isa = PBXBuildFile; fileRef = DD05B21517AF119C004758DC /* AFURLConnectionOperation.m */; };
		DD05B22117AF119C004758DC /* AFXMLRequestOperation.m in Sources */ = {isa = PBXBuildFile; fileRef = DD05B21717AF119C004758DC /* AFXMLRequestOperation.m */; };
		DD05B22217AF119C004758DC /* UIImageView+AFNetworking.m in Sources */ = {isa = PBXBuildFile; fileRef = DD05B21917AF119C004758DC /* UIImageView+AFNetworking.m */; };
		DDA0B357177B9A92003F0D8C /* UIKit.framework in Frameworks */ = {isa = PBXBuildFile; fileRef = DDA0B356177B9A92003F0D8C /* UIKit.framework */; };
		DDA0B359177B9A92003F0D8C /* Foundation.framework in Frameworks */ = {isa = PBXBuildFile; fileRef = DDA0B358177B9A92003F0D8C /* Foundation.framework */; };
		DDA0B35B177B9A92003F0D8C /* CoreGraphics.framework in Frameworks */ = {isa = PBXBuildFile; fileRef = DDA0B35A177B9A92003F0D8C /* CoreGraphics.framework */; };
		DDA0B361177B9A92003F0D8C /* InfoPlist.strings in Resources */ = {isa = PBXBuildFile; fileRef = DDA0B35F177B9A92003F0D8C /* InfoPlist.strings */; };
		DDA0B363177B9A92003F0D8C /* main.m in Sources */ = {isa = PBXBuildFile; fileRef = DDA0B362177B9A92003F0D8C /* main.m */; };
		DDA0B367177B9A92003F0D8C /* CustomTabBarAppDelegate.m in Sources */ = {isa = PBXBuildFile; fileRef = DDA0B366177B9A92003F0D8C /* CustomTabBarAppDelegate.m */; };
		DDA0B36A177B9A92003F0D8C /* MainStoryboard.storyboard in Resources */ = {isa = PBXBuildFile; fileRef = DDA0B368177B9A92003F0D8C /* MainStoryboard.storyboard */; };
		DDA0B36D177B9A92003F0D8C /* CustomTabBarFirstViewController.m in Sources */ = {isa = PBXBuildFile; fileRef = DDA0B36C177B9A92003F0D8C /* CustomTabBarFirstViewController.m */; };
		DDA0B374177B9A92003F0D8C /* CustomTabBarSecondViewController.m in Sources */ = {isa = PBXBuildFile; fileRef = DDA0B373177B9A92003F0D8C /* CustomTabBarSecondViewController.m */; };
		DDA18BE017A1DE980039F445 /* MapKit.framework in Frameworks */ = {isa = PBXBuildFile; fileRef = DDA18BDF17A1DE980039F445 /* MapKit.framework */; };
		DDA3CAA11786375F00D713AC /* bottom-blue-bar@2x.png in Resources */ = {isa = PBXBuildFile; fileRef = DDA3CA9A1786375F00D713AC /* bottom-blue-bar@2x.png */; };
		DDA3CAA21786375F00D713AC /* buy-button-off@2x.png in Resources */ = {isa = PBXBuildFile; fileRef = DDA3CA9B1786375F00D713AC /* buy-button-off@2x.png */; };
		DDA3CAA31786375F00D713AC /* buy-button-on@2x.png in Resources */ = {isa = PBXBuildFile; fileRef = DDA3CA9C1786375F00D713AC /* buy-button-on@2x.png */; };
		DDA3CAA41786375F00D713AC /* me-button-off@2x.png in Resources */ = {isa = PBXBuildFile; fileRef = DDA3CA9D1786375F00D713AC /* me-button-off@2x.png */; };
		DDA3CAA51786375F00D713AC /* me-button-on@2x.png in Resources */ = {isa = PBXBuildFile; fileRef = DDA3CA9E1786375F00D713AC /* me-button-on@2x.png */; };
		DDA3CAA61786375F00D713AC /* sell-button-off@2x.png in Resources */ = {isa = PBXBuildFile; fileRef = DDA3CA9F1786375F00D713AC /* sell-button-off@2x.png */; };
		DDA3CAA71786375F00D713AC /* sell-button-on@2x.png in Resources */ = {isa = PBXBuildFile; fileRef = DDA3CAA01786375F00D713AC /* sell-button-on@2x.png */; };
		DDA544EC17B2F33000AD6D3C /* CustomTabBarThirdViewController.m in Sources */ = {isa = PBXBuildFile; fileRef = DDA544EB17B2F33000AD6D3C /* CustomTabBarThirdViewController.m */; };
		DDA88C05178A1302005D1E56 /* icon.png in Resources */ = {isa = PBXBuildFile; fileRef = DDA88C03178A1302005D1E56 /* icon.png */; };
		DDA88C06178A1302005D1E56 /* icon@2x.png in Resources */ = {isa = PBXBuildFile; fileRef = DDA88C04178A1302005D1E56 /* icon@2x.png */; };
		DDA88C0E178A2F8E005D1E56 /* master_bg@2x.png in Resources */ = {isa = PBXBuildFile; fileRef = DDA88C0C178A2F8E005D1E56 /* master_bg@2x.png */; };
		DDA88C0F178A2F8E005D1E56 /* master_bg.png in Resources */ = {isa = PBXBuildFile; fileRef = DDA88C0D178A2F8E005D1E56 /* master_bg.png */; };
		DDB83AC4178B6889003DB86F /* bottom-blue-bar.png in Resources */ = {isa = PBXBuildFile; fileRef = DDB83ABD178B6889003DB86F /* bottom-blue-bar.png */; };
		DDB83AC5178B6889003DB86F /* buy-button-off.png in Resources */ = {isa = PBXBuildFile; fileRef = DDB83ABE178B6889003DB86F /* buy-button-off.png */; };
		DDB83AC6178B6889003DB86F /* buy-button-on.png in Resources */ = {isa = PBXBuildFile; fileRef = DDB83ABF178B6889003DB86F /* buy-button-on.png */; };
		DDB83AC7178B6889003DB86F /* me-button-off.png in Resources */ = {isa = PBXBuildFile; fileRef = DDB83AC0178B6889003DB86F /* me-button-off.png */; };
		DDB83AC8178B6889003DB86F /* me-button-on.png in Resources */ = {isa = PBXBuildFile; fileRef = DDB83AC1178B6889003DB86F /* me-button-on.png */; };
		DDB83AC9178B6889003DB86F /* sell-button-off.png in Resources */ = {isa = PBXBuildFile; fileRef = DDB83AC2178B6889003DB86F /* sell-button-off.png */; };
		DDB83ACA178B6889003DB86F /* sell-button-on.png in Resources */ = {isa = PBXBuildFile; fileRef = DDB83AC3178B6889003DB86F /* sell-button-on.png */; };
		DDC18E3217AD927C000E96C9 /* TicketListTable.m in Sources */ = {isa = PBXBuildFile; fileRef = DDC18E3117AD927C000E96C9 /* TicketListTable.m */; };
		DDC18E3617AD96E3000E96C9 /* TicketCell.m in Sources */ = {isa = PBXBuildFile; fileRef = DDC18E3517AD96E3000E96C9 /* TicketCell.m */; };
		DDD60322179DD52E00F1EC2F /* bottomRow.png in Resources */ = {isa = PBXBuildFile; fileRef = DDD60315179DD52E00F1EC2F /* bottomRow.png */; };
		DDD60323179DD52E00F1EC2F /* bottomRowSelected.png in Resources */ = {isa = PBXBuildFile; fileRef = DDD60316179DD52E00F1EC2F /* bottomRowSelected.png */; };
		DDD60324179DD52E00F1EC2F /* gradientBackground.png in Resources */ = {isa = PBXBuildFile; fileRef = DDD60317179DD52E00F1EC2F /* gradientBackground.png */; };
		DDD60325179DD52E00F1EC2F /* imageA.png in Resources */ = {isa = PBXBuildFile; fileRef = DDD60318179DD52E00F1EC2F /* imageA.png */; };
		DDD60326179DD52E00F1EC2F /* imageB.png in Resources */ = {isa = PBXBuildFile; fileRef = DDD60319179DD52E00F1EC2F /* imageB.png */; };
		DDD60327179DD52E00F1EC2F /* imageC.png in Resources */ = {isa = PBXBuildFile; fileRef = DDD6031A179DD52E00F1EC2F /* imageC.png */; };
		DDD60328179DD52E00F1EC2F /* indicator.png in Resources */ = {isa = PBXBuildFile; fileRef = DDD6031B179DD52E00F1EC2F /* indicator.png */; };
		DDD60329179DD52E00F1EC2F /* middleRow.png in Resources */ = {isa = PBXBuildFile; fileRef = DDD6031C179DD52E00F1EC2F /* middleRow.png */; };
		DDD6032A179DD52E00F1EC2F /* middleRowSelected.png in Resources */ = {isa = PBXBuildFile; fileRef = DDD6031D179DD52E00F1EC2F /* middleRowSelected.png */; };
		DDD6032B179DD52E00F1EC2F /* topAndBottomRow.png in Resources */ = {isa = PBXBuildFile; fileRef = DDD6031E179DD52E00F1EC2F /* topAndBottomRow.png */; };
		DDD6032C179DD52E00F1EC2F /* topAndBottomRowSelected.png in Resources */ = {isa = PBXBuildFile; fileRef = DDD6031F179DD52E00F1EC2F /* topAndBottomRowSelected.png */; };
		DDD6032D179DD52E00F1EC2F /* topRow.png in Resources */ = {isa = PBXBuildFile; fileRef = DDD60320179DD52E00F1EC2F /* topRow.png */; };
		DDD6032E179DD52E00F1EC2F /* topRowSelected.png in Resources */ = {isa = PBXBuildFile; fileRef = DDD60321179DD52E00F1EC2F /* topRowSelected.png */; };
		DDD6F92317A9B01D00A4555D /* Annotation.m in Sources */ = {isa = PBXBuildFile; fileRef = DDD6F92217A9B01D00A4555D /* Annotation.m */; };
		DDD6FD9717A9B29800A4555D /* CoreLocation.framework in Frameworks */ = {isa = PBXBuildFile; fileRef = DDD6FD9617A9B29800A4555D /* CoreLocation.framework */; };
/* End PBXBuildFile section */

/* Begin PBXFileReference section */
		DD05B20717AF119C004758DC /* AFHTTPClient.h */ = {isa = PBXFileReference; fileEncoding = 4; lastKnownFileType = sourcecode.c.h; path = AFHTTPClient.h; sourceTree = "<group>"; };
		DD05B20817AF119C004758DC /* AFHTTPClient.m */ = {isa = PBXFileReference; fileEncoding = 4; lastKnownFileType = sourcecode.c.objc; path = AFHTTPClient.m; sourceTree = "<group>"; };
		DD05B20917AF119C004758DC /* AFHTTPRequestOperation.h */ = {isa = PBXFileReference; fileEncoding = 4; lastKnownFileType = sourcecode.c.h; path = AFHTTPRequestOperation.h; sourceTree = "<group>"; };
		DD05B20A17AF119C004758DC /* AFHTTPRequestOperation.m */ = {isa = PBXFileReference; fileEncoding = 4; lastKnownFileType = sourcecode.c.objc; path = AFHTTPRequestOperation.m; sourceTree = "<group>"; };
		DD05B20B17AF119C004758DC /* AFImageRequestOperation.h */ = {isa = PBXFileReference; fileEncoding = 4; lastKnownFileType = sourcecode.c.h; path = AFImageRequestOperation.h; sourceTree = "<group>"; };
		DD05B20C17AF119C004758DC /* AFImageRequestOperation.m */ = {isa = PBXFileReference; fileEncoding = 4; lastKnownFileType = sourcecode.c.objc; path = AFImageRequestOperation.m; sourceTree = "<group>"; };
		DD05B20D17AF119C004758DC /* AFJSONRequestOperation.h */ = {isa = PBXFileReference; fileEncoding = 4; lastKnownFileType = sourcecode.c.h; path = AFJSONRequestOperation.h; sourceTree = "<group>"; };
		DD05B20E17AF119C004758DC /* AFJSONRequestOperation.m */ = {isa = PBXFileReference; fileEncoding = 4; lastKnownFileType = sourcecode.c.objc; path = AFJSONRequestOperation.m; sourceTree = "<group>"; };
		DD05B20F17AF119C004758DC /* AFNetworkActivityIndicatorManager.h */ = {isa = PBXFileReference; fileEncoding = 4; lastKnownFileType = sourcecode.c.h; path = AFNetworkActivityIndicatorManager.h; sourceTree = "<group>"; };
		DD05B21017AF119C004758DC /* AFNetworkActivityIndicatorManager.m */ = {isa = PBXFileReference; fileEncoding = 4; lastKnownFileType = sourcecode.c.objc; path = AFNetworkActivityIndicatorManager.m; sourceTree = "<group>"; };
		DD05B21117AF119C004758DC /* AFNetworking.h */ = {isa = PBXFileReference; fileEncoding = 4; lastKnownFileType = sourcecode.c.h; path = AFNetworking.h; sourceTree = "<group>"; };
		DD05B21217AF119C004758DC /* AFPropertyListRequestOperation.h */ = {isa = PBXFileReference; fileEncoding = 4; lastKnownFileType = sourcecode.c.h; path = AFPropertyListRequestOperation.h; sourceTree = "<group>"; };
		DD05B21317AF119C004758DC /* AFPropertyListRequestOperation.m */ = {isa = PBXFileReference; fileEncoding = 4; lastKnownFileType = sourcecode.c.objc; path = AFPropertyListRequestOperation.m; sourceTree = "<group>"; };
		DD05B21417AF119C004758DC /* AFURLConnectionOperation.h */ = {isa = PBXFileReference; fileEncoding = 4; lastKnownFileType = sourcecode.c.h; path = AFURLConnectionOperation.h; sourceTree = "<group>"; };
		DD05B21517AF119C004758DC /* AFURLConnectionOperation.m */ = {isa = PBXFileReference; fileEncoding = 4; lastKnownFileType = sourcecode.c.objc; path = AFURLConnectionOperation.m; sourceTree = "<group>"; };
		DD05B21617AF119C004758DC /* AFXMLRequestOperation.h */ = {isa = PBXFileReference; fileEncoding = 4; lastKnownFileType = sourcecode.c.h; path = AFXMLRequestOperation.h; sourceTree = "<group>"; };
		DD05B21717AF119C004758DC /* AFXMLRequestOperation.m */ = {isa = PBXFileReference; fileEncoding = 4; lastKnownFileType = sourcecode.c.objc; path = AFXMLRequestOperation.m; sourceTree = "<group>"; };
		DD05B21817AF119C004758DC /* UIImageView+AFNetworking.h */ = {isa = PBXFileReference; fileEncoding = 4; lastKnownFileType = sourcecode.c.h; path = "UIImageView+AFNetworking.h"; sourceTree = "<group>"; };
		DD05B21917AF119C004758DC /* UIImageView+AFNetworking.m */ = {isa = PBXFileReference; fileEncoding = 4; lastKnownFileType = sourcecode.c.objc; path = "UIImageView+AFNetworking.m"; sourceTree = "<group>"; };
		DDA0B352177B9A92003F0D8C /* CustomTabBar.app */ = {isa = PBXFileReference; explicitFileType = wrapper.application; includeInIndex = 0; path = CustomTabBar.app; sourceTree = BUILT_PRODUCTS_DIR; };
		DDA0B356177B9A92003F0D8C /* UIKit.framework */ = {isa = PBXFileReference; lastKnownFileType = wrapper.framework; name = UIKit.framework; path = System/Library/Frameworks/UIKit.framework; sourceTree = SDKROOT; };
		DDA0B358177B9A92003F0D8C /* Foundation.framework */ = {isa = PBXFileReference; lastKnownFileType = wrapper.framework; name = Foundation.framework; path = System/Library/Frameworks/Foundation.framework; sourceTree = SDKROOT; };
		DDA0B35A177B9A92003F0D8C /* CoreGraphics.framework */ = {isa = PBXFileReference; lastKnownFileType = wrapper.framework; name = CoreGraphics.framework; path = System/Library/Frameworks/CoreGraphics.framework; sourceTree = SDKROOT; };
		DDA0B35E177B9A92003F0D8C /* CustomTabBar-Info.plist */ = {isa = PBXFileReference; lastKnownFileType = text.plist.xml; path = "CustomTabBar-Info.plist"; sourceTree = "<group>"; };
		DDA0B360177B9A92003F0D8C /* en */ = {isa = PBXFileReference; lastKnownFileType = text.plist.strings; name = en; path = en.lproj/InfoPlist.strings; sourceTree = "<group>"; };
		DDA0B362177B9A92003F0D8C /* main.m */ = {isa = PBXFileReference; lastKnownFileType = sourcecode.c.objc; path = main.m; sourceTree = "<group>"; };
		DDA0B364177B9A92003F0D8C /* CustomTabBar-Prefix.pch */ = {isa = PBXFileReference; lastKnownFileType = sourcecode.c.h; path = "CustomTabBar-Prefix.pch"; sourceTree = "<group>"; };
		DDA0B365177B9A92003F0D8C /* CustomTabBarAppDelegate.h */ = {isa = PBXFileReference; lastKnownFileType = sourcecode.c.h; path = CustomTabBarAppDelegate.h; sourceTree = "<group>"; };
		DDA0B366177B9A92003F0D8C /* CustomTabBarAppDelegate.m */ = {isa = PBXFileReference; lastKnownFileType = sourcecode.c.objc; path = CustomTabBarAppDelegate.m; sourceTree = "<group>"; };
		DDA0B369177B9A92003F0D8C /* en */ = {isa = PBXFileReference; lastKnownFileType = file.storyboard; name = en; path = en.lproj/MainStoryboard.storyboard; sourceTree = "<group>"; };
		DDA0B36B177B9A92003F0D8C /* CustomTabBarFirstViewController.h */ = {isa = PBXFileReference; lastKnownFileType = sourcecode.c.h; path = CustomTabBarFirstViewController.h; sourceTree = "<group>"; };
		DDA0B36C177B9A92003F0D8C /* CustomTabBarFirstViewController.m */ = {isa = PBXFileReference; lastKnownFileType = sourcecode.c.objc; path = CustomTabBarFirstViewController.m; sourceTree = "<group>"; };
		DDA0B372177B9A92003F0D8C /* CustomTabBarSecondViewController.h */ = {isa = PBXFileReference; lastKnownFileType = sourcecode.c.h; path = CustomTabBarSecondViewController.h; sourceTree = "<group>"; };
		DDA0B373177B9A92003F0D8C /* CustomTabBarSecondViewController.m */ = {isa = PBXFileReference; lastKnownFileType = sourcecode.c.objc; path = CustomTabBarSecondViewController.m; sourceTree = "<group>"; };
		DDA18BDF17A1DE980039F445 /* MapKit.framework */ = {isa = PBXFileReference; lastKnownFileType = wrapper.framework; name = MapKit.framework; path = System/Library/Frameworks/MapKit.framework; sourceTree = SDKROOT; };
		DDA3CA9A1786375F00D713AC /* bottom-blue-bar@2x.png */ = {isa = PBXFileReference; lastKnownFileType = image.png; path = "bottom-blue-bar@2x.png"; sourceTree = "<group>"; };
		DDA3CA9B1786375F00D713AC /* buy-button-off@2x.png */ = {isa = PBXFileReference; lastKnownFileType = image.png; path = "buy-button-off@2x.png"; sourceTree = "<group>"; };
		DDA3CA9C1786375F00D713AC /* buy-button-on@2x.png */ = {isa = PBXFileReference; lastKnownFileType = image.png; path = "buy-button-on@2x.png"; sourceTree = "<group>"; };
		DDA3CA9D1786375F00D713AC /* me-button-off@2x.png */ = {isa = PBXFileReference; lastKnownFileType = image.png; path = "me-button-off@2x.png"; sourceTree = "<group>"; };
		DDA3CA9E1786375F00D713AC /* me-button-on@2x.png */ = {isa = PBXFileReference; lastKnownFileType = image.png; path = "me-button-on@2x.png"; sourceTree = "<group>"; };
		DDA3CA9F1786375F00D713AC /* sell-button-off@2x.png */ = {isa = PBXFileReference; lastKnownFileType = image.png; path = "sell-button-off@2x.png"; sourceTree = "<group>"; };
		DDA3CAA01786375F00D713AC /* sell-button-on@2x.png */ = {isa = PBXFileReference; lastKnownFileType = image.png; path = "sell-button-on@2x.png"; sourceTree = "<group>"; };
		DDA544EA17B2F33000AD6D3C /* CustomTabBarThirdViewController.h */ = {isa = PBXFileReference; fileEncoding = 4; lastKnownFileType = sourcecode.c.h; path = CustomTabBarThirdViewController.h; sourceTree = "<group>"; };
		DDA544EB17B2F33000AD6D3C /* CustomTabBarThirdViewController.m */ = {isa = PBXFileReference; fileEncoding = 4; lastKnownFileType = sourcecode.c.objc; path = CustomTabBarThirdViewController.m; sourceTree = "<group>"; };
		DDA88C03178A1302005D1E56 /* icon.png */ = {isa = PBXFileReference; lastKnownFileType = image.png; path = icon.png; sourceTree = "<group>"; };
		DDA88C04178A1302005D1E56 /* icon@2x.png */ = {isa = PBXFileReference; lastKnownFileType = image.png; path = "icon@2x.png"; sourceTree = "<group>"; };
		DDA88C0C178A2F8E005D1E56 /* master_bg@2x.png */ = {isa = PBXFileReference; lastKnownFileType = image.png; path = "master_bg@2x.png"; sourceTree = "<group>"; };
		DDA88C0D178A2F8E005D1E56 /* master_bg.png */ = {isa = PBXFileReference; lastKnownFileType = image.png; path = master_bg.png; sourceTree = "<group>"; };
		DDB83ABD178B6889003DB86F /* bottom-blue-bar.png */ = {isa = PBXFileReference; lastKnownFileType = image.png; path = "bottom-blue-bar.png"; sourceTree = "<group>"; };
		DDB83ABE178B6889003DB86F /* buy-button-off.png */ = {isa = PBXFileReference; lastKnownFileType = image.png; path = "buy-button-off.png"; sourceTree = "<group>"; };
		DDB83ABF178B6889003DB86F /* buy-button-on.png */ = {isa = PBXFileReference; lastKnownFileType = image.png; path = "buy-button-on.png"; sourceTree = "<group>"; };
		DDB83AC0178B6889003DB86F /* me-button-off.png */ = {isa = PBXFileReference; lastKnownFileType = image.png; path = "me-button-off.png"; sourceTree = "<group>"; };
		DDB83AC1178B6889003DB86F /* me-button-on.png */ = {isa = PBXFileReference; lastKnownFileType = image.png; path = "me-button-on.png"; sourceTree = "<group>"; };
		DDB83AC2178B6889003DB86F /* sell-button-off.png */ = {isa = PBXFileReference; lastKnownFileType = image.png; path = "sell-button-off.png"; sourceTree = "<group>"; };
		DDB83AC3178B6889003DB86F /* sell-button-on.png */ = {isa = PBXFileReference; lastKnownFileType = image.png; path = "sell-button-on.png"; sourceTree = "<group>"; };
		DDC18E3017AD927B000E96C9 /* TicketListTable.h */ = {isa = PBXFileReference; fileEncoding = 4; lastKnownFileType = sourcecode.c.h; path = TicketListTable.h; sourceTree = "<group>"; };
		DDC18E3117AD927C000E96C9 /* TicketListTable.m */ = {isa = PBXFileReference; fileEncoding = 4; lastKnownFileType = sourcecode.c.objc; path = TicketListTable.m; sourceTree = "<group>"; };
		DDC18E3417AD96E2000E96C9 /* TicketCell.h */ = {isa = PBXFileReference; fileEncoding = 4; lastKnownFileType = sourcecode.c.h; path = TicketCell.h; sourceTree = "<group>"; };
		DDC18E3517AD96E3000E96C9 /* TicketCell.m */ = {isa = PBXFileReference; fileEncoding = 4; lastKnownFileType = sourcecode.c.objc; path = TicketCell.m; sourceTree = "<group>"; };
		DDD60315179DD52E00F1EC2F /* bottomRow.png */ = {isa = PBXFileReference; lastKnownFileType = image.png; path = bottomRow.png; sourceTree = "<group>"; };
		DDD60316179DD52E00F1EC2F /* bottomRowSelected.png */ = {isa = PBXFileReference; lastKnownFileType = image.png; path = bottomRowSelected.png; sourceTree = "<group>"; };
		DDD60317179DD52E00F1EC2F /* gradientBackground.png */ = {isa = PBXFileReference; lastKnownFileType = image.png; path = gradientBackground.png; sourceTree = "<group>"; };
		DDD60318179DD52E00F1EC2F /* imageA.png */ = {isa = PBXFileReference; lastKnownFileType = image.png; path = imageA.png; sourceTree = "<group>"; };
		DDD60319179DD52E00F1EC2F /* imageB.png */ = {isa = PBXFileReference; lastKnownFileType = image.png; path = imageB.png; sourceTree = "<group>"; };
		DDD6031A179DD52E00F1EC2F /* imageC.png */ = {isa = PBXFileReference; lastKnownFileType = image.png; path = imageC.png; sourceTree = "<group>"; };
		DDD6031B179DD52E00F1EC2F /* indicator.png */ = {isa = PBXFileReference; lastKnownFileType = image.png; path = indicator.png; sourceTree = "<group>"; };
		DDD6031C179DD52E00F1EC2F /* middleRow.png */ = {isa = PBXFileReference; lastKnownFileType = image.png; path = middleRow.png; sourceTree = "<group>"; };
		DDD6031D179DD52E00F1EC2F /* middleRowSelected.png */ = {isa = PBXFileReference; lastKnownFileType = image.png; path = middleRowSelected.png; sourceTree = "<group>"; };
		DDD6031E179DD52E00F1EC2F /* topAndBottomRow.png */ = {isa = PBXFileReference; lastKnownFileType = image.png; path = topAndBottomRow.png; sourceTree = "<group>"; };
		DDD6031F179DD52E00F1EC2F /* topAndBottomRowSelected.png */ = {isa = PBXFileReference; lastKnownFileType = image.png; path = topAndBottomRowSelected.png; sourceTree = "<group>"; };
		DDD60320179DD52E00F1EC2F /* topRow.png */ = {isa = PBXFileReference; lastKnownFileType = image.png; path = topRow.png; sourceTree = "<group>"; };
		DDD60321179DD52E00F1EC2F /* topRowSelected.png */ = {isa = PBXFileReference; lastKnownFileType = image.png; path = topRowSelected.png; sourceTree = "<group>"; };
		DDD6F92117A9B01D00A4555D /* Annotation.h */ = {isa = PBXFileReference; fileEncoding = 4; lastKnownFileType = sourcecode.c.h; path = Annotation.h; sourceTree = "<group>"; };
		DDD6F92217A9B01D00A4555D /* Annotation.m */ = {isa = PBXFileReference; fileEncoding = 4; lastKnownFileType = sourcecode.c.objc; path = Annotation.m; sourceTree = "<group>"; };
		DDD6FD9617A9B29800A4555D /* CoreLocation.framework */ = {isa = PBXFileReference; lastKnownFileType = wrapper.framework; name = CoreLocation.framework; path = System/Library/Frameworks/CoreLocation.framework; sourceTree = SDKROOT; };
/* End PBXFileReference section */

/* Begin PBXFrameworksBuildPhase section */
		DDA0B34F177B9A92003F0D8C /* Frameworks */ = {
			isa = PBXFrameworksBuildPhase;
			buildActionMask = 2147483647;
			files = (
				DDD6FD9717A9B29800A4555D /* CoreLocation.framework in Frameworks */,
				DDA18BE017A1DE980039F445 /* MapKit.framework in Frameworks */,
				DDA0B357177B9A92003F0D8C /* UIKit.framework in Frameworks */,
				DDA0B359177B9A92003F0D8C /* Foundation.framework in Frameworks */,
				DDA0B35B177B9A92003F0D8C /* CoreGraphics.framework in Frameworks */,
			);
			runOnlyForDeploymentPostprocessing = 0;
		};
/* End PBXFrameworksBuildPhase section */

/* Begin PBXGroup section */
		DD05B20617AF119C004758DC /* AFNetworking */ = {
			isa = PBXGroup;
			children = (
				DD05B20717AF119C004758DC /* AFHTTPClient.h */,
				DD05B20817AF119C004758DC /* AFHTTPClient.m */,
				DD05B20917AF119C004758DC /* AFHTTPRequestOperation.h */,
				DD05B20A17AF119C004758DC /* AFHTTPRequestOperation.m */,
				DD05B20B17AF119C004758DC /* AFImageRequestOperation.h */,
				DD05B20C17AF119C004758DC /* AFImageRequestOperation.m */,
				DD05B20D17AF119C004758DC /* AFJSONRequestOperation.h */,
				DD05B20E17AF119C004758DC /* AFJSONRequestOperation.m */,
				DD05B20F17AF119C004758DC /* AFNetworkActivityIndicatorManager.h */,
				DD05B21017AF119C004758DC /* AFNetworkActivityIndicatorManager.m */,
				DD05B21117AF119C004758DC /* AFNetworking.h */,
				DD05B21217AF119C004758DC /* AFPropertyListRequestOperation.h */,
				DD05B21317AF119C004758DC /* AFPropertyListRequestOperation.m */,
				DD05B21417AF119C004758DC /* AFURLConnectionOperation.h */,
				DD05B21517AF119C004758DC /* AFURLConnectionOperation.m */,
				DD05B21617AF119C004758DC /* AFXMLRequestOperation.h */,
				DD05B21717AF119C004758DC /* AFXMLRequestOperation.m */,
				DD05B21817AF119C004758DC /* UIImageView+AFNetworking.h */,
				DD05B21917AF119C004758DC /* UIImageView+AFNetworking.m */,
			);
			path = AFNetworking;
			sourceTree = "<group>";
		};
		DDA0B347177B9A91003F0D8C = {
			isa = PBXGroup;
			children = (
				DDA0B35C177B9A92003F0D8C /* CustomTabBar */,
				DDA0B355177B9A92003F0D8C /* Frameworks */,
				DDA0B353177B9A92003F0D8C /* Products */,
			);
			sourceTree = "<group>";
		};
		DDA0B353177B9A92003F0D8C /* Products */ = {
			isa = PBXGroup;
			children = (
				DDA0B352177B9A92003F0D8C /* CustomTabBar.app */,
			);
			name = Products;
			sourceTree = "<group>";
		};
		DDA0B355177B9A92003F0D8C /* Frameworks */ = {
			isa = PBXGroup;
			children = (
				DDD6FD9617A9B29800A4555D /* CoreLocation.framework */,
				DDA18BDF17A1DE980039F445 /* MapKit.framework */,
				DDA0B356177B9A92003F0D8C /* UIKit.framework */,
				DDA0B358177B9A92003F0D8C /* Foundation.framework */,
				DDA0B35A177B9A92003F0D8C /* CoreGraphics.framework */,
			);
			name = Frameworks;
			sourceTree = "<group>";
		};
		DDA0B35C177B9A92003F0D8C /* CustomTabBar */ = {
			isa = PBXGroup;
			children = (
				DDA4BD4E17839E6D0044E2C5 /* Classes */,
				DDA4BD3E178394180044E2C5 /* TabBarImages */,
				DDA4BD4D178395AD0044E2C5 /* Storyboard */,
				DDA0B35D177B9A92003F0D8C /* Supporting Files */,
				DDA82C6717AF0634001A572E /* Utility */,
			);
			path = CustomTabBar;
			sourceTree = "<group>";
		};
		DDA0B35D177B9A92003F0D8C /* Supporting Files */ = {
			isa = PBXGroup;
			children = (
				DDA0B35E177B9A92003F0D8C /* CustomTabBar-Info.plist */,
				DDA0B35F177B9A92003F0D8C /* InfoPlist.strings */,
				DDA0B362177B9A92003F0D8C /* main.m */,
				DDA0B364177B9A92003F0D8C /* CustomTabBar-Prefix.pch */,
			);
			name = "Supporting Files";
			sourceTree = "<group>";
		};
		DDA4BD3E178394180044E2C5 /* TabBarImages */ = {
			isa = PBXGroup;
			children = (
				DDD60315179DD52E00F1EC2F /* bottomRow.png */,
				DDD60316179DD52E00F1EC2F /* bottomRowSelected.png */,
				DDD60317179DD52E00F1EC2F /* gradientBackground.png */,
				DDD60318179DD52E00F1EC2F /* imageA.png */,
				DDD60319179DD52E00F1EC2F /* imageB.png */,
				DDD6031A179DD52E00F1EC2F /* imageC.png */,
				DDD6031B179DD52E00F1EC2F /* indicator.png */,
				DDD6031C179DD52E00F1EC2F /* middleRow.png */,
				DDD6031D179DD52E00F1EC2F /* middleRowSelected.png */,
				DDD6031E179DD52E00F1EC2F /* topAndBottomRow.png */,
				DDD6031F179DD52E00F1EC2F /* topAndBottomRowSelected.png */,
				DDD60320179DD52E00F1EC2F /* topRow.png */,
				DDD60321179DD52E00F1EC2F /* topRowSelected.png */,
				DDB83ABD178B6889003DB86F /* bottom-blue-bar.png */,
				DDB83ABE178B6889003DB86F /* buy-button-off.png */,
				DDB83ABF178B6889003DB86F /* buy-button-on.png */,
				DDB83AC0178B6889003DB86F /* me-button-off.png */,
				DDB83AC1178B6889003DB86F /* me-button-on.png */,
				DDB83AC2178B6889003DB86F /* sell-button-off.png */,
				DDB83AC3178B6889003DB86F /* sell-button-on.png */,
				DDA88C0C178A2F8E005D1E56 /* master_bg@2x.png */,
				DDA88C0D178A2F8E005D1E56 /* master_bg.png */,
				DDA88C03178A1302005D1E56 /* icon.png */,
				DDA88C04178A1302005D1E56 /* icon@2x.png */,
				DDA3CA9A1786375F00D713AC /* bottom-blue-bar@2x.png */,
				DDA3CA9B1786375F00D713AC /* buy-button-off@2x.png */,
				DDA3CA9C1786375F00D713AC /* buy-button-on@2x.png */,
				DDA3CA9D1786375F00D713AC /* me-button-off@2x.png */,
				DDA3CA9E1786375F00D713AC /* me-button-on@2x.png */,
				DDA3CA9F1786375F00D713AC /* sell-button-off@2x.png */,
				DDA3CAA01786375F00D713AC /* sell-button-on@2x.png */,
			);
			name = TabBarImages;
			sourceTree = "<group>";
		};
		DDA4BD4D178395AD0044E2C5 /* Storyboard */ = {
			isa = PBXGroup;
			children = (
				DDA0B368177B9A92003F0D8C /* MainStoryboard.storyboard */,
			);
			name = Storyboard;
			sourceTree = "<group>";
		};
		DDA4BD4E17839E6D0044E2C5 /* Classes */ = {
			isa = PBXGroup;
			children = (
				DDA0B365177B9A92003F0D8C /* CustomTabBarAppDelegate.h */,
				DDA0B366177B9A92003F0D8C /* CustomTabBarAppDelegate.m */,
				DDA0B36B177B9A92003F0D8C /* CustomTabBarFirstViewController.h */,
				DDA0B36C177B9A92003F0D8C /* CustomTabBarFirstViewController.m */,
				DDA0B373177B9A92003F0D8C /* CustomTabBarSecondViewController.m */,
				DDA0B372177B9A92003F0D8C /* CustomTabBarSecondViewController.h */,
				DDA544EA17B2F33000AD6D3C /* CustomTabBarThirdViewController.h */,
				DDA544EB17B2F33000AD6D3C /* CustomTabBarThirdViewController.m */,
				DDD6F92117A9B01D00A4555D /* Annotation.h */,
				DDD6F92217A9B01D00A4555D /* Annotation.m */,
				DDC18E3017AD927B000E96C9 /* TicketListTable.h */,
				DDC18E3117AD927C000E96C9 /* TicketListTable.m */,
				DDC18E3417AD96E2000E96C9 /* TicketCell.h */,
				DDC18E3517AD96E3000E96C9 /* TicketCell.m */,
			);
			name = Classes;
			sourceTree = "<group>";
		};
		DDA82C6717AF0634001A572E /* Utility */ = {
			isa = PBXGroup;
			children = (
				DD05B20617AF119C004758DC /* AFNetworking */,
			);
			name = Utility;
			sourceTree = "<group>";
		};
/* End PBXGroup section */

/* Begin PBXNativeTarget section */
		DDA0B351177B9A92003F0D8C /* CustomTabBar */ = {
			isa = PBXNativeTarget;
			buildConfigurationList = DDA0B37B177B9A92003F0D8C /* Build configuration list for PBXNativeTarget "CustomTabBar" */;
			buildPhases = (
				DDA0B34E177B9A92003F0D8C /* Sources */,
				DDA0B34F177B9A92003F0D8C /* Frameworks */,
				DDA0B350177B9A92003F0D8C /* Resources */,
			);
			buildRules = (
			);
			dependencies = (
			);
			name = CustomTabBar;
			productName = CustomTabBar;
			productReference = DDA0B352177B9A92003F0D8C /* CustomTabBar.app */;
			productType = "com.apple.product-type.application";
		};
/* End PBXNativeTarget section */

/* Begin PBXProject section */
		DDA0B349177B9A91003F0D8C /* Project object */ = {
			isa = PBXProject;
			attributes = {
				LastUpgradeCheck = 0420;
			};
			buildConfigurationList = DDA0B34C177B9A91003F0D8C /* Build configuration list for PBXProject "CustomTabBar" */;
			compatibilityVersion = "Xcode 3.2";
			developmentRegion = English;
			hasScannedForEncodings = 0;
			knownRegions = (
				en,
			);
			mainGroup = DDA0B347177B9A91003F0D8C;
			productRefGroup = DDA0B353177B9A92003F0D8C /* Products */;
			projectDirPath = "";
			projectRoot = "";
			targets = (
				DDA0B351177B9A92003F0D8C /* CustomTabBar */,
			);
		};
/* End PBXProject section */

/* Begin PBXResourcesBuildPhase section */
		DDA0B350177B9A92003F0D8C /* Resources */ = {
			isa = PBXResourcesBuildPhase;
			buildActionMask = 2147483647;
			files = (
				DDA0B361177B9A92003F0D8C /* InfoPlist.strings in Resources */,
				DDA0B36A177B9A92003F0D8C /* MainStoryboard.storyboard in Resources */,
				DDA3CAA11786375F00D713AC /* bottom-blue-bar@2x.png in Resources */,
				DDA3CAA21786375F00D713AC /* buy-button-off@2x.png in Resources */,
				DDA3CAA31786375F00D713AC /* buy-button-on@2x.png in Resources */,
				DDA3CAA41786375F00D713AC /* me-button-off@2x.png in Resources */,
				DDA3CAA51786375F00D713AC /* me-button-on@2x.png in Resources */,
				DDA3CAA61786375F00D713AC /* sell-button-off@2x.png in Resources */,
				DDA3CAA71786375F00D713AC /* sell-button-on@2x.png in Resources */,
				DDA88C05178A1302005D1E56 /* icon.png in Resources */,
				DDA88C06178A1302005D1E56 /* icon@2x.png in Resources */,
				DDA88C0E178A2F8E005D1E56 /* master_bg@2x.png in Resources */,
				DDA88C0F178A2F8E005D1E56 /* master_bg.png in Resources */,
				DDB83AC4178B6889003DB86F /* bottom-blue-bar.png in Resources */,
				DDB83AC5178B6889003DB86F /* buy-button-off.png in Resources */,
				DDB83AC6178B6889003DB86F /* buy-button-on.png in Resources */,
				DDB83AC7178B6889003DB86F /* me-button-off.png in Resources */,
				DDB83AC8178B6889003DB86F /* me-button-on.png in Resources */,
				DDB83AC9178B6889003DB86F /* sell-button-off.png in Resources */,
				DDB83ACA178B6889003DB86F /* sell-button-on.png in Resources */,
				DDD60322179DD52E00F1EC2F /* bottomRow.png in Resources */,
				DDD60323179DD52E00F1EC2F /* bottomRowSelected.png in Resources */,
				DDD60324179DD52E00F1EC2F /* gradientBackground.png in Resources */,
				DDD60325179DD52E00F1EC2F /* imageA.png in Resources */,
				DDD60326179DD52E00F1EC2F /* imageB.png in Resources */,
				DDD60327179DD52E00F1EC2F /* imageC.png in Resources */,
				DDD60328179DD52E00F1EC2F /* indicator.png in Resources */,
				DDD60329179DD52E00F1EC2F /* middleRow.png in Resources */,
				DDD6032A179DD52E00F1EC2F /* middleRowSelected.png in Resources */,
				DDD6032B179DD52E00F1EC2F /* topAndBottomRow.png in Resources */,
				DDD6032C179DD52E00F1EC2F /* topAndBottomRowSelected.png in Resources */,
				DDD6032D179DD52E00F1EC2F /* topRow.png in Resources */,
				DDD6032E179DD52E00F1EC2F /* topRowSelected.png in Resources */,
			);
			runOnlyForDeploymentPostprocessing = 0;
		};
/* End PBXResourcesBuildPhase section */

/* Begin PBXSourcesBuildPhase section */
		DDA0B34E177B9A92003F0D8C /* Sources */ = {
			isa = PBXSourcesBuildPhase;
			buildActionMask = 2147483647;
			files = (
				DDA0B363177B9A92003F0D8C /* main.m in Sources */,
				DDA0B367177B9A92003F0D8C /* CustomTabBarAppDelegate.m in Sources */,
				DDA0B36D177B9A92003F0D8C /* CustomTabBarFirstViewController.m in Sources */,
				DDA0B374177B9A92003F0D8C /* CustomTabBarSecondViewController.m in Sources */,
				DDD6F92317A9B01D00A4555D /* Annotation.m in Sources */,
				DDC18E3217AD927C000E96C9 /* TicketListTable.m in Sources */,
				DDC18E3617AD96E3000E96C9 /* TicketCell.m in Sources */,
				DD05B21A17AF119C004758DC /* AFHTTPClient.m in Sources */,
				DD05B21B17AF119C004758DC /* AFHTTPRequestOperation.m in Sources */,
				DD05B21C17AF119C004758DC /* AFImageRequestOperation.m in Sources */,
				DD05B21D17AF119C004758DC /* AFJSONRequestOperation.m in Sources */,
				DD05B21E17AF119C004758DC /* AFNetworkActivityIndicatorManager.m in Sources */,
				DD05B21F17AF119C004758DC /* AFPropertyListRequestOperation.m in Sources */,
				DD05B22017AF119C004758DC /* AFURLConnectionOperation.m in Sources */,
				DD05B22117AF119C004758DC /* AFXMLRequestOperation.m in Sources */,
				DD05B22217AF119C004758DC /* UIImageView+AFNetworking.m in Sources */,
				DDA544EC17B2F33000AD6D3C /* CustomTabBarThirdViewController.m in Sources */,
			);
			runOnlyForDeploymentPostprocessing = 0;
		};
/* End PBXSourcesBuildPhase section */

/* Begin PBXVariantGroup section */
		DDA0B35F177B9A92003F0D8C /* InfoPlist.strings */ = {
			isa = PBXVariantGroup;
			children = (
				DDA0B360177B9A92003F0D8C /* en */,
			);
			name = InfoPlist.strings;
			sourceTree = "<group>";
		};
		DDA0B368177B9A92003F0D8C /* MainStoryboard.storyboard */ = {
			isa = PBXVariantGroup;
			children = (
				DDA0B369177B9A92003F0D8C /* en */,
			);
			name = MainStoryboard.storyboard;
			sourceTree = "<group>";
		};
/* End PBXVariantGroup section */

/* Begin XCBuildConfiguration section */
		DDA0B379177B9A92003F0D8C /* Debug */ = {
			isa = XCBuildConfiguration;
			buildSettings = {
				ALWAYS_SEARCH_USER_PATHS = NO;
				ARCHS = "$(ARCHS_STANDARD_32_BIT)";
				CLANG_ENABLE_OBJC_ARC = YES;
				"CODE_SIGN_IDENTITY[sdk=iphoneos*]" = "iPhone Developer";
				COPY_PHASE_STRIP = NO;
				GCC_C_LANGUAGE_STANDARD = gnu99;
				GCC_DYNAMIC_NO_PIC = NO;
				GCC_OPTIMIZATION_LEVEL = 0;
				GCC_PREPROCESSOR_DEFINITIONS = (
					"DEBUG=1",
					"$(inherited)",
				);
				GCC_SYMBOLS_PRIVATE_EXTERN = NO;
				GCC_VERSION = com.apple.compilers.llvm.clang.1_0;
				GCC_WARN_ABOUT_MISSING_PROTOTYPES = YES;
				GCC_WARN_ABOUT_RETURN_TYPE = YES;
				GCC_WARN_UNUSED_VARIABLE = YES;
				IPHONEOS_DEPLOYMENT_TARGET = 5.0;
				SDKROOT = iphoneos;
			};
			name = Debug;
		};
		DDA0B37A177B9A92003F0D8C /* Release */ = {
			isa = XCBuildConfiguration;
			buildSettings = {
				ALWAYS_SEARCH_USER_PATHS = NO;
				ARCHS = "$(ARCHS_STANDARD_32_BIT)";
				CLANG_ENABLE_OBJC_ARC = YES;
				"CODE_SIGN_IDENTITY[sdk=iphoneos*]" = "iPhone Developer";
				COPY_PHASE_STRIP = YES;
				GCC_C_LANGUAGE_STANDARD = gnu99;
				GCC_VERSION = com.apple.compilers.llvm.clang.1_0;
				GCC_WARN_ABOUT_MISSING_PROTOTYPES = YES;
				GCC_WARN_ABOUT_RETURN_TYPE = YES;
				GCC_WARN_UNUSED_VARIABLE = YES;
				IPHONEOS_DEPLOYMENT_TARGET = 5.0;
				OTHER_CFLAGS = "-DNS_BLOCK_ASSERTIONS=1";
				SDKROOT = iphoneos;
				VALIDATE_PRODUCT = YES;
			};
			name = Release;
		};
		DDA0B37C177B9A92003F0D8C /* Debug */ = {
			isa = XCBuildConfiguration;
			buildSettings = {
				GCC_PRECOMPILE_PREFIX_HEADER = YES;
				GCC_PREFIX_HEADER = "CustomTabBar/CustomTabBar-Prefix.pch";
				INFOPLIST_FILE = "CustomTabBar/CustomTabBar-Info.plist";
				PRODUCT_NAME = "$(TARGET_NAME)";
				WRAPPER_EXTENSION = app;
			};
			name = Debug;
		};
		DDA0B37D177B9A92003F0D8C /* Release */ = {
			isa = XCBuildConfiguration;
			buildSettings = {
				GCC_PRECOMPILE_PREFIX_HEADER = YES;
				GCC_PREFIX_HEADER = "CustomTabBar/CustomTabBar-Prefix.pch";
				INFOPLIST_FILE = "CustomTabBar/CustomTabBar-Info.plist";
				PRODUCT_NAME = "$(TARGET_NAME)";
				WRAPPER_EXTENSION = app;
			};
			name = Release;
		};
/* End XCBuildConfiguration section */

/* Begin XCConfigurationList section */
		DDA0B34C177B9A91003F0D8C /* Build configuration list for PBXProject "CustomTabBar" */ = {
			isa = XCConfigurationList;
			buildConfigurations = (
				DDA0B379177B9A92003F0D8C /* Debug */,
				DDA0B37A177B9A92003F0D8C /* Release */,
			);
			defaultConfigurationIsVisible = 0;
			defaultConfigurationName = Release;
		};
		DDA0B37B177B9A92003F0D8C /* Build configuration list for PBXNativeTarget "CustomTabBar" */ = {
			isa = XCConfigurationList;
			buildConfigurations = (
				DDA0B37C177B9A92003F0D8C /* Debug */,
				DDA0B37D177B9A92003F0D8C /* Release */,
			);
			defaultConfigurationIsVisible = 0;
			defaultConfigurationName = Release;
		};
/* End XCConfigurationList section */
	};
	rootObject = DDA0B349177B9A91003F0D8C /* Project object */;
}
